
Microsoft Visual Studio Solution File, Format Version 12.00
# Visual Studio Version 16
VisualStudioVersion = 16.0.32802.440
MinimumVisualStudioVersion = 10.0.40219.1
Project("{FAE04EC0-301F-11D3-BF4B-00C04F79EFBC}") = "SinCityLogger", "SinCityLogger\SinCityLogger.csproj", "{D39C5E11-668E-4542-A354-3141A1D1DC75}"
EndProject
Global
	GlobalSection(SolutionConfigurationPlatforms) = preSolution
		Debug|Any CPU = Debug|Any CPU
		Release|Any CPU = Release|Any CPU
	EndGlobalSection
	GlobalSection(ProjectConfigurationPlatforms) = postSolution
		{D39C5E11-668E-4542-A354-3141A1D1DC75}.Debug|Any CPU.ActiveCfg = Debug|Any CPU
		{D39C5E11-668E-4542-A354-3141A1D1DC75}.Debug|Any CPU.Build.0 = Debug|Any CPU
		{D39C5E11-668E-4542-A354-3141A1D1DC75}.Release|Any CPU.ActiveCfg = Release|Any CPU
		{D39C5E11-668E-4542-A354-3141A1D1DC75}.Release|Any CPU.Build.0 = Release|Any CPU
	EndGlobalSection
	GlobalSection(SolutionProperties) = preSolution
		HideSolutionNode = FALSE
	EndGlobalSection
	GlobalSection(ExtensibilityGlobals) = postSolution
		SolutionGuid = {68CA908A-7C63-4EB7-BB25-45F1F0B195EA}
	EndGlobalSection
EndGlobal
